
Microsoft Visual Studio Solution File, Format Version 12.00
# Visual Studio Version 16
VisualStudioVersion = 16.0.30330.147
MinimumVisualStudioVersion = 10.0.40219.1
Project("{FAE04EC0-301F-11D3-BF4B-00C04F79EFBC}") = "kr", "kr\kr.csproj", "{FBE83D4E-7BAB-4505-A542-62537DD0E045}"
EndProject
Global
	GlobalSection(SolutionConfigurationPlatforms) = preSolution
		Debug|Any CPU = Debug|Any CPU
		Release|Any CPU = Release|Any CPU
	EndGlobalSection
	GlobalSection(ProjectConfigurationPlatforms) = postSolution
		{FBE83D4E-7BAB-4505-A542-62537DD0E045}.Debug|Any CPU.ActiveCfg = Debug|Any CPU
		{FBE83D4E-7BAB-4505-A542-62537DD0E045}.Debug|Any CPU.Build.0 = Debug|Any CPU
		{FBE83D4E-7BAB-4505-A542-62537DD0E045}.Release|Any CPU.ActiveCfg = Release|Any CPU
		{FBE83D4E-7BAB-4505-A542-62537DD0E045}.Release|Any CPU.Build.0 = Release|Any CPU
	EndGlobalSection
	GlobalSection(SolutionProperties) = preSolution
		HideSolutionNode = FALSE
	EndGlobalSection
	GlobalSection(ExtensibilityGlobals) = postSolution
		SolutionGuid = {214C5C69-3A44-45A0-AB7D-E33DDBF03F79}
	EndGlobalSection
EndGlobal
